
Microsoft Visual Studio Solution File, Format Version 12.00
# Visual Studio Version 16
VisualStudioVersion = 16.0.30517.126
MinimumVisualStudioVersion = 10.0.40219.1
Project("{9A19103F-16F7-4668-BE54-9A1E7A4F7556}") = "1 Tablica", "ConsoleApp1\1 Tablica.csproj", "{0ABD89CF-B81A-4F2C-B7B3-C6588D285CD8}"
EndProject
Project("{9A19103F-16F7-4668-BE54-9A1E7A4F7556}") = "2 ImportDanychZPliku", "Import2\2 ImportDanychZPliku.csproj", "{B110AFAC-F863-4996-B98F-1E4A27F52848}"
EndProject
Project("{FAE04EC0-301F-11D3-BF4B-00C04F79EFBC}") = "3 List", "3 List\3 List.csproj", "{74DDA1DB-B844-4D12-8DEE-3BB0D2AAF0C5}"
EndProject
Project("{FAE04EC0-301F-11D3-BF4B-00C04F79EFBC}") = "4 Dictionary", "_4_Dictionary\4 Dictionary.csproj", "{621D5585-4804-43B2-8C37-6136288760F1}"
EndProject
Global
	GlobalSection(SolutionConfigurationPlatforms) = preSolution
		Debug|Any CPU = Debug|Any CPU
		Release|Any CPU = Release|Any CPU
	EndGlobalSection
	GlobalSection(ProjectConfigurationPlatforms) = postSolution
		{0ABD89CF-B81A-4F2C-B7B3-C6588D285CD8}.Debug|Any CPU.ActiveCfg = Debug|Any CPU
		{0ABD89CF-B81A-4F2C-B7B3-C6588D285CD8}.Debug|Any CPU.Build.0 = Debug|Any CPU
		{0ABD89CF-B81A-4F2C-B7B3-C6588D285CD8}.Release|Any CPU.ActiveCfg = Release|Any CPU
		{0ABD89CF-B81A-4F2C-B7B3-C6588D285CD8}.Release|Any CPU.Build.0 = Release|Any CPU
		{B110AFAC-F863-4996-B98F-1E4A27F52848}.Debug|Any CPU.ActiveCfg = Debug|Any CPU
		{B110AFAC-F863-4996-B98F-1E4A27F52848}.Debug|Any CPU.Build.0 = Debug|Any CPU
		{B110AFAC-F863-4996-B98F-1E4A27F52848}.Release|Any CPU.ActiveCfg = Release|Any CPU
		{B110AFAC-F863-4996-B98F-1E4A27F52848}.Release|Any CPU.Build.0 = Release|Any CPU
		{74DDA1DB-B844-4D12-8DEE-3BB0D2AAF0C5}.Debug|Any CPU.ActiveCfg = Debug|Any CPU
		{74DDA1DB-B844-4D12-8DEE-3BB0D2AAF0C5}.Debug|Any CPU.Build.0 = Debug|Any CPU
		{74DDA1DB-B844-4D12-8DEE-3BB0D2AAF0C5}.Release|Any CPU.ActiveCfg = Release|Any CPU
		{74DDA1DB-B844-4D12-8DEE-3BB0D2AAF0C5}.Release|Any CPU.Build.0 = Release|Any CPU
		{621D5585-4804-43B2-8C37-6136288760F1}.Debug|Any CPU.ActiveCfg = Debug|Any CPU
		{621D5585-4804-43B2-8C37-6136288760F1}.Debug|Any CPU.Build.0 = Debug|Any CPU
		{621D5585-4804-43B2-8C37-6136288760F1}.Release|Any CPU.ActiveCfg = Release|Any CPU
		{621D5585-4804-43B2-8C37-6136288760F1}.Release|Any CPU.Build.0 = Release|Any CPU
	EndGlobalSection
	GlobalSection(SolutionProperties) = preSolution
		HideSolutionNode = FALSE
	EndGlobalSection
	GlobalSection(ExtensibilityGlobals) = postSolution
		SolutionGuid = {D8775C7C-3193-4748-81B0-208BA95BD389}
	EndGlobalSection
EndGlobal
